<?xml version="1.0" encoding="utf-8"?>
<Project ToolsVersion="4.0" xmlns="http://schemas.microsoft.com/developer/msbuild/2003">
  <ItemGroup>
    <Filter Include="Archivos de origen">
      <UniqueIdentifier>{4FC737F1-C7A5-4376-A066-2A32D752A2FF}</UniqueIdentifier>
      <Extensions>cpp;c;cc;cxx;c++;cppm;ixx;def;odl;idl;hpj;bat;asm;asmx</Extensions>
    </Filter>
    <Filter Include="Archivos de encabezado">
      <UniqueIdentifier>{93995380-89BD-4b04-88EB-625FBE52EBFB}</UniqueIdentifier>
      <Extensions>h;hh;hpp;hxx;h++;hm;inl;inc;ipp;xsd</Extensions>
    </Filter>
    <Filter Include="Archivos de recursos">
      <UniqueIdentifier>{67DA6AB6-F800-4c08-8B7A-83BB121AAD01}</UniqueIdentifier>
      <Extensions>rc;ico;cur;bmp;dlg;rc2;rct;bin;rgs;gif;jpg;jpeg;jpe;resx;tiff;tif;png;wav;mfcribbon-ms</Extensions>
    </Filter>
    <Filter Include="Controladora">
      <UniqueIdentifier>{ff5297ad-467f-4f27-b0e9-324bc0c473d1}</UniqueIdentifier>
    </Filter>
    <Filter Include="Gestion">
      <UniqueIdentifier>{106106f0-e752-44ec-8291-63b483216f41}</UniqueIdentifier>
    </Filter>
    <Filter Include="SubClases">
      <UniqueIdentifier>{e33aeec5-4320-4f2e-9446-0e855eceb701}</UniqueIdentifier>
    </Filter>
  </ItemGroup>
  <ItemGroup>
    <ClCompile Include="Controladora.cpp">
      <Filter>Controladora</Filter>
    </ClCompile>
    <ClCompile Include="Menu.cpp">
      <Filter>SubClases</Filter>
    </ClCompile>
    <ClCompile Include="Usuario.cpp">
      <Filter>Archivos de encabezado</Filter>
    </ClCompile>
    <ClCompile Include="Tablero.cpp">
      <Filter>Archivos de encabezado</Filter>
    </ClCompile>
    <ClCompile Include="Listado.cpp">
      <Filter>Archivos de encabezado</Filter>
    </ClCompile>
    <ClCompile Include="Tarjetas.cpp">
      <Filter>Archivos de encabezado</Filter>
    </ClCompile>
    <ClCompile Include="Fecha.cpp">
      <Filter>SubClases</Filter>
    </ClCompile>
    <ClCompile Include="Comentario.cpp">
      <Filter>Archivos de encabezado</Filter>
    </ClCompile>
    <ClCompile Include="CheckList.cpp">
      <Filter>Archivos de encabezado</Filter>
    </ClCompile>
    <ClCompile Include="Tello-Project-OFICIAL.cpp">
      <Filter>Archivos de origen</Filter>
    </ClCompile>
  </ItemGroup>
  <ItemGroup>
    <ClInclude Include="Controladora.h">
      <Filter>Controladora</Filter>
    </ClInclude>
    <ClInclude Include="Menu.h">
      <Filter>SubClases</Filter>
    </ClInclude>
    <ClInclude Include="Usuario.h">
      <Filter>Archivos de encabezado</Filter>
    </ClInclude>
    <ClInclude Include="Tablero.h">
      <Filter>Archivos de encabezado</Filter>
    </ClInclude>
    <ClInclude Include="Listado.h">
      <Filter>Archivos de encabezado</Filter>
    </ClInclude>
    <ClInclude Include="Tarjetas.h">
      <Filter>Archivos de encabezado</Filter>
    </ClInclude>
    <ClInclude Include="gestionListas.h">
      <Filter>Gestion</Filter>
    </ClInclude>
    <ClInclude Include="gestionTablero.h">
      <Filter>Gestion</Filter>
    </ClInclude>
    <ClInclude Include="GestionTarjeta.h">
      <Filter>Gestion</Filter>
    </ClInclude>
    <ClInclude Include="Fecha.h">
      <Filter>SubClases</Filter>
    </ClInclude>
    <ClInclude Include="Comentarior.h">
      <Filter>Archivos de encabezado</Filter>
    </ClInclude>
    <ClInclude Include="CheckList.h">
      <Filter>Archivos de encabezado</Filter>
    </ClInclude>
    <ClInclude Include="HistorialTarjeta.h">
      <Filter>Gestion</Filter>
    </ClInclude>
  </ItemGroup>
</Project>